# This file is automatically @generated by Cargo.
# It is not intended for manual editing.
[[package]]
name = "bit_field"
version = "0.9.0"
source = "registry+https://github.com/rust-lang/crates.io-index"

[[package]]
name = "bitflags"
version = "1.2.1"
source = "registry+https://github.com/rust-lang/crates.io-index"

[[package]]
name = "bootloader"
version = "0.9.0"
source = "registry+https://github.com/rust-lang/crates.io-index"

[[package]]
name = "lazy_static"
version = "1.4.0"
source = "registry+https://github.com/rust-lang/crates.io-index"
dependencies = [
 "spin 0.5.2 (registry+https://github.com/rust-lang/crates.io-index)",
]

[[package]]
name = "rustos"
version = "0.2.1"
dependencies = [
 "bootloader 0.9.0 (registry+https://github.com/rust-lang/crates.io-index)",
 "lazy_static 1.4.0 (registry+https://github.com/rust-lang/crates.io-index)",
 "spin 0.5.2 (registry+https://github.com/rust-lang/crates.io-index)",
 "uart_16550 0.2.4 (registry+https://github.com/rust-lang/crates.io-index)",
 "volatile 0.2.6 (registry+https://github.com/rust-lang/crates.io-index)",
 "x86_64 0.9.6 (registry+https://github.com/rust-lang/crates.io-index)",
]

[[package]]
name = "spin"
version = "0.5.2"
source = "registry+https://github.com/rust-lang/crates.io-index"

[[package]]
name = "uart_16550"
version = "0.2.4"
source = "registry+https://github.com/rust-lang/crates.io-index"
dependencies = [
 "bitflags 1.2.1 (registry+https://github.com/rust-lang/crates.io-index)",
 "x86_64 0.9.6 (registry+https://github.com/rust-lang/crates.io-index)",
]

[[package]]
name = "volatile"
version = "0.2.6"
source = "registry+https://github.com/rust-lang/crates.io-index"

[[package]]
name = "x86_64"
version = "0.9.6"
source = "registry+https://github.com/rust-lang/crates.io-index"
dependencies = [
 "bit_field 0.9.0 (registry+https://github.com/rust-lang/crates.io-index)",
 "bitflags 1.2.1 (registry+https://github.com/rust-lang/crates.io-index)",
]

[metadata]
"checksum bit_field 0.9.0 (registry+https://github.com/rust-lang/crates.io-index)" = "ed8765909f9009617974ab6b7d332625b320b33c326b1e9321382ef1999b5d56"
"checksum bitflags 1.2.1 (registry+https://github.com/rust-lang/crates.io-index)" = "cf1de2fe8c75bc145a2f577add951f8134889b4795d47466a54a5c846d691693"
"checksum bootloader 0.9.0 (registry+https://github.com/rust-lang/crates.io-index)" = "47a31d0af1b59774ea1470bf40b4bf9fed0bbead2f2d9d614c4c2e13382414dd"
"checksum lazy_static 1.4.0 (registry+https://github.com/rust-lang/crates.io-index)" = "e2abad23fbc42b3700f2f279844dc832adb2b2eb069b2df918f455c4e18cc646"
"checksum spin 0.5.2 (registry+https://github.com/rust-lang/crates.io-index)" = "6e63cff320ae2c57904679ba7cb63280a3dc4613885beafb148ee7bf9aa9042d"
"checksum uart_16550 0.2.4 (registry+https://github.com/rust-lang/crates.io-index)" = "d44b0f30cb82b0fbc15b78ade1064226529ad52028bc8cb8accb98ff6f3d7131"
"checksum volatile 0.2.6 (registry+https://github.com/rust-lang/crates.io-index)" = "6af0edf5b4faacc31fc51159244d78d65ec580f021afcef7bd53c04aeabc7f29"
"checksum x86_64 0.9.6 (registry+https://github.com/rust-lang/crates.io-index)" = "4206b60c9f99766329b66962aa8ddc01df6c7edd02edc046b7a69d5df9fcdbcf"
